
Microsoft Visual Studio Solution File, Format Version 12.00
# Visual Studio Version 16
VisualStudioVersion = 16.0.31205.134
MinimumVisualStudioVersion = 10.0.40219.1
Project("{FAE04EC0-301F-11D3-BF4B-00C04F79EFBC}") = "WebCam", "WebCam\WebCam.csproj", "{1132EDF9-A267-4F1F-BADA-DE36EE29E84C}"
EndProject
Global
	GlobalSection(SolutionConfigurationPlatforms) = preSolution
		Debug|Any CPU = Debug|Any CPU
		Release|Any CPU = Release|Any CPU
	EndGlobalSection
	GlobalSection(ProjectConfigurationPlatforms) = postSolution
		{1132EDF9-A267-4F1F-BADA-DE36EE29E84C}.Debug|Any CPU.ActiveCfg = Debug|Any CPU
		{1132EDF9-A267-4F1F-BADA-DE36EE29E84C}.Debug|Any CPU.Build.0 = Debug|Any CPU
		{1132EDF9-A267-4F1F-BADA-DE36EE29E84C}.Release|Any CPU.ActiveCfg = Release|Any CPU
		{1132EDF9-A267-4F1F-BADA-DE36EE29E84C}.Release|Any CPU.Build.0 = Release|Any CPU
	EndGlobalSection
	GlobalSection(SolutionProperties) = preSolution
		HideSolutionNode = FALSE
	EndGlobalSection
	GlobalSection(ExtensibilityGlobals) = postSolution
		SolutionGuid = {FBB5A75A-0646-4808-B589-BCE407A6F9D1}
	EndGlobalSection
EndGlobal
